{
  "lockfileVersion": 1,
  "configVersion": 1,
  "workspaces": {
    "": {
      "name": "open-autonomy-open-autonomy",
      "dependencies": {
        "@volter-ai-dev/supercode": "^0.4.19",
        "@volter-ai-dev/supercode-harness-sdk": "^0.3.26",
        "@volter/twin": "0.1.3",
        "@volter/twin-discord": "0.1.2",
        "@volter/twin-github": "0.1.2",
        "@volter/twin-jira": "0.1.0",
        "@volter/twin-openai": "0.1.2",
        "@volter/twin-slack": "0.1.0",
        "@volter/twin-world": "0.1.7",
      },
    },
  },
  "packages": {
    "@electric-sql/pglite": ["@electric-sql/pglite@0.5.8", "", {}, "sha512-n9tsbUOhwx2epK1V0ZG9Ar4SHWUju04dhmzZXiSBXwBoleOvIfals33NAaWgagQVAL4Rbvx/Ptsu3P+pA09f6Q=="],

    "@volter-ai-dev/supercode": ["@volter-ai-dev/supercode@0.4.21", "", { "optionalDependencies": { "@volter-ai-dev/supercode-cli-darwin-arm64": "0.4.21", "@volter-ai-dev/supercode-cli-darwin-x64": "0.4.21", "@volter-ai-dev/supercode-cli-linux-arm64": "0.4.21", "@volter-ai-dev/supercode-cli-linux-x64": "0.4.21", "@volter-ai-dev/supercode-cli-win32-x64": "0.4.21" }, "bin": { "supercode": "bin/supercode.js" } }, "sha512-wba8lU2zcagle+w7s81w0OhbRrR1P+imnlFOHqBm320vMrlffqZf51T2ATynDeWAw6I54WYVNfSlvIMueIjUSA=="],

    "@volter-ai-dev/supercode-cli-darwin-arm64": ["@volter-ai-dev/supercode-cli-darwin-arm64@0.4.21", "", { "os": "darwin", "cpu": "arm64" }, "sha512-ooaIMbSsqysA8JOXmWf4UW4KSwp1R4EA3u5et80N3U8soytVUGNfTJJCFa27vOcWc8i3QV9tU9HCLjhCrVtnKw=="],

    "@volter-ai-dev/supercode-cli-darwin-x64": ["@volter-ai-dev/supercode-cli-darwin-x64@0.4.21", "", { "os": "darwin", "cpu": "x64" }, "sha512-YPh50qyzGii/8iKwHvZ7wDeQr2ywYXopVfcIk5MyB7ICw24Kvle5cmO+9ukYixlw6XPTmD2hE42WZdTlmjKWYw=="],

    "@volter-ai-dev/supercode-cli-linux-arm64": ["@volter-ai-dev/supercode-cli-linux-arm64@0.4.21", "", { "os": "linux", "cpu": "arm64" }, "sha512-bxKyGytsoh7wR9bup50IPwOAZfsYDj1C3/Tkuc7whrDJzsOsdKKkLRVJXdBUrwHVGn0KewZiMI6XC2QGY3y+XQ=="],

    "@volter-ai-dev/supercode-cli-linux-x64": ["@volter-ai-dev/supercode-cli-linux-x64@0.4.21", "", { "os": "linux", "cpu": "x64" }, "sha512-d99etEBkRzVn0uV45iBQzcnbugmeJ/xmIf5AzzVdd3jY9VhQWGHSOzd1/q8VmkOqOUBD4Os0LmShKZvTkYfmDg=="],

    "@volter-ai-dev/supercode-cli-win32-x64": ["@volter-ai-dev/supercode-cli-win32-x64@0.4.21", "", { "os": "win32", "cpu": "x64" }, "sha512-YiX+qrSdXa3gLo2BgdTF0YlBGvr5glphxgwagkjrb66xCpvk5E+SnU3r/bJmocflwkXNh4xG0QA7elYvX+BpMw=="],

    "@volter-ai-dev/supercode-harness-sdk": ["@volter-ai-dev/supercode-harness-sdk@0.3.27", "", { "dependencies": { "yaml": "^2.9.0" } }, "sha512-+Rzx+UqQpg+HEBmVfRCd+NLFh7K8p6439Mztk6wmak5hus/2nqqebseoHJmFHSKfAzpMwQSe4z641+jVcFAJMA=="],

    "@volter/twin": ["@volter/twin@0.1.3", "", { "dependencies": { "zod": "^4.4.2" }, "bin": { "volter-twin": "src/cli.ts" } }, "sha512-K6cKB2dYxtjC2L/H9quREEV38tlQsrkxZt7kIpDUKJbQ79cL4uz9cP20Bdc1DSpn/vbk3ESNPtWh1/uOdRN8HQ=="],

    "@volter/twin-discord": ["@volter/twin-discord@0.1.2", "", { "peerDependencies": { "@volter/twin": "^0.1.2" }, "bin": { "world-discord": "src/cli.ts" } }, "sha512-1SaaWHcNEUeYCwJ89SedQrpQ7xN7AolztqdsduxqE7yqZ5ukBQG11ZI49qRgol1riLUGy2M3PWmMQ9cItyOdlA=="],

    "@volter/twin-github": ["@volter/twin-github@0.1.2", "", { "dependencies": { "react": "^19.2.7", "react-dom": "^19.2.7" }, "peerDependencies": { "@volter/twin": "^0.1.2" }, "bin": { "world-github": "src/cli.ts" } }, "sha512-kPIGRI32v6KJMymgmBQwQb/aMbvuT9OTWWCx70twxcTf4Y6QUd+N1GP2q0Lr1QICOTPk4yGwEW86vLFATl553w=="],

    "@volter/twin-jira": ["@volter/twin-jira@0.1.0", "", { "dependencies": { "react": "^19.2.7", "react-dom": "^19.2.7" }, "peerDependencies": { "@volter/twin": "0.1.0" }, "bin": { "world-jira": "src/cli.ts" } }, "sha512-RX8l6dHUk5T7C0p25I5RckWmjxFuJ6CXIDFTpUA2diTxs/A/6Ddrk6bnZD6kfWZ3Oi+fWDICftumcIG1f1xSbw=="],

    "@volter/twin-openai": ["@volter/twin-openai@0.1.2", "", { "peerDependencies": { "@volter/twin": "^0.1.2" }, "bin": { "world-openai": "src/cli.ts" } }, "sha512-gmpmQy2/9Iwaziu/ortblmf0xpuS0si+ED27NASEtk8dUKIaNZDXz0p5Q2BmVtvnNg1zMTGH4MT7v7UlQsWkWQ=="],

    "@volter/twin-slack": ["@volter/twin-slack@0.1.0", "", { "dependencies": { "react": "^19.2.7", "react-dom": "^19.2.7" }, "peerDependencies": { "@volter/twin": "0.1.0" }, "bin": { "world-slack": "src/cli.ts", "world-slack-seed": "src/seed-cli.ts" } }, "sha512-O5YNXQ336jgZkpwQU8b5IWv1csSHj7rOK0md3MMep4HYOxBHB75MkcykvTUlq4B7IYe7b32c12Zc1t7/iNGCkQ=="],

    "@volter/twin-world": ["@volter/twin-world@0.1.7", "", { "dependencies": { "@electric-sql/pglite": "0.5.8", "pg-gateway": "0.3.0-beta.4" }, "peerDependencies": { "@volter/twin": "^0.1.3" }, "bin": { "volter-world": "src/cli.ts", "volter-world-browser-proxy": "src/browser-proxy-cli.ts", "volter-world-host": "src/host-cli.ts", "volter-world-managed-infra": "src/managed-infra-cli.ts" } }, "sha512-w5AlCQGMX1KevGe8DTNSjH7ApdMbvSPdUjY6S1nUn/1ktuMF+JL9dmVhogw6S69Nh49vAVYWIkJsg1Vp1fX5jw=="],

    "pg-gateway": ["pg-gateway@0.3.0-beta.4", "", {}, "sha512-CTjsM7Z+0Nx2/dyZ6r8zRsc3f9FScoD5UAOlfUx1Fdv/JOIWvRbF7gou6l6vP+uypXQVoYPgw8xZDXgMGvBa4Q=="],

    "react": ["react@19.3.0", "", {}, "sha512-E8LUcbtBWt20bbl2YoHfx4ZDBdxVTfOKtCZn9cDSJ4l6/nuoApcpIBcj47t2wZoVX8g2ZHuMHbiShgCR1T5Sog=="],

    "react-dom": ["react-dom@19.3.0", "", { "dependencies": { "scheduler": "^0.28.0" }, "peerDependencies": { "react": "^19.3.0" } }, "sha512-JDk8dgif51OjFoDE70+OT9ICyYr+69HlmihNwp1+Nsfbna3t5sIiCa9ZJktDmQ4/1b/rn26hIAR2uYXDMr5r0Q=="],

    "scheduler": ["scheduler@0.28.0", "", {}, "sha512-juorfCmIkIw8tT+p5BXSm6PJjQF/ycEYmKyzURCIt/RaZIhL+PulbQ9Yu2z1HdOJDdqDTlxA1+xKBmHXJsczAw=="],

    "yaml": ["yaml@2.9.0", "", { "bin": { "yaml": "bin.mjs" } }, "sha512-2AvhNX3mb8zd6Zy7INTtSpl1F15HW6Wnqj0srWlkKLcpYl/gMIMJiyuGq2KeI2YFxUPjdlB+3Lc10seMLtL4cA=="],

    "zod": ["zod@4.6.2", "", {}, "sha512-lh5RCAGFa1Cm2hjtNwLQhSs/AsqdWnTQaBER9fEwN/88pSh7KOtJavtBx/0VlkN/uFd61SwYmljLMDAsHlvzBQ=="],
  }
}
